
Microsoft Visual Studio Solution File, Format Version 12.00
# Visual Studio Version 16
VisualStudioVersion = 25.0.1704.0
MinimumVisualStudioVersion = 10.0.40219.1
Project("{FAE04EC0-301F-11D3-BF4B-00C04F79EFBC}") = "DataAccess", "DataAccess\DataAccess.csproj", "{F6603240-B64D-4823-9951-9BBC1CA538C6}"
EndProject
Project("{FAE04EC0-301F-11D3-BF4B-00C04F79EFBC}") = "Business", "Business\Business.csproj", "{A73D8AD5-F337-40F4-8D90-F270FD227CCB}"
EndProject
Project("{FAE04EC0-301F-11D3-BF4B-00C04F79EFBC}") = "Entities", "Entities\Entities.csproj", "{855E7C03-2341-47C3-8A35-CD2A79244728}"
EndProject
Project("{FAE04EC0-301F-11D3-BF4B-00C04F79EFBC}") = "ConsoleUI", "ConsoleUI\ConsoleUI.csproj", "{64B10C06-7B0B-4B0E-AC11-27F63BBCE7C5}"
EndProject
Project("{FAE04EC0-301F-11D3-BF4B-00C04F79EFBC}") = "Core", "Core\Core.csproj", "{F45E51F3-CB2C-448E-9D9C-6BAD595D7A1B}"
EndProject
Project("{FAE04EC0-301F-11D3-BF4B-00C04F79EFBC}") = "WebAPI", "WebAPI\WebAPI.csproj", "{7D722C4B-31FA-470B-A7F6-0A95005F8303}"
EndProject
Global
	GlobalSection(SolutionConfigurationPlatforms) = preSolution
		Debug|Any CPU = Debug|Any CPU
		Release|Any CPU = Release|Any CPU
	EndGlobalSection
	GlobalSection(ProjectConfigurationPlatforms) = postSolution
		{F6603240-B64D-4823-9951-9BBC1CA538C6}.Debug|Any CPU.ActiveCfg = Debug|Any CPU
		{F6603240-B64D-4823-9951-9BBC1CA538C6}.Debug|Any CPU.Build.0 = Debug|Any CPU
		{F6603240-B64D-4823-9951-9BBC1CA538C6}.Release|Any CPU.ActiveCfg = Release|Any CPU
		{F6603240-B64D-4823-9951-9BBC1CA538C6}.Release|Any CPU.Build.0 = Release|Any CPU
		{A73D8AD5-F337-40F4-8D90-F270FD227CCB}.Debug|Any CPU.ActiveCfg = Debug|Any CPU
		{A73D8AD5-F337-40F4-8D90-F270FD227CCB}.Debug|Any CPU.Build.0 = Debug|Any CPU
		{A73D8AD5-F337-40F4-8D90-F270FD227CCB}.Release|Any CPU.ActiveCfg = Release|Any CPU
		{A73D8AD5-F337-40F4-8D90-F270FD227CCB}.Release|Any CPU.Build.0 = Release|Any CPU
		{855E7C03-2341-47C3-8A35-CD2A79244728}.Debug|Any CPU.ActiveCfg = Debug|Any CPU
		{855E7C03-2341-47C3-8A35-CD2A79244728}.Debug|Any CPU.Build.0 = Debug|Any CPU
		{855E7C03-2341-47C3-8A35-CD2A79244728}.Release|Any CPU.ActiveCfg = Release|Any CPU
		{855E7C03-2341-47C3-8A35-CD2A79244728}.Release|Any CPU.Build.0 = Release|Any CPU
		{64B10C06-7B0B-4B0E-AC11-27F63BBCE7C5}.Debug|Any CPU.ActiveCfg = Debug|Any CPU
		{64B10C06-7B0B-4B0E-AC11-27F63BBCE7C5}.Debug|Any CPU.Build.0 = Debug|Any CPU
		{64B10C06-7B0B-4B0E-AC11-27F63BBCE7C5}.Release|Any CPU.ActiveCfg = Release|Any CPU
		{64B10C06-7B0B-4B0E-AC11-27F63BBCE7C5}.Release|Any CPU.Build.0 = Release|Any CPU
		{F45E51F3-CB2C-448E-9D9C-6BAD595D7A1B}.Debug|Any CPU.ActiveCfg = Debug|Any CPU
		{F45E51F3-CB2C-448E-9D9C-6BAD595D7A1B}.Debug|Any CPU.Build.0 = Debug|Any CPU
		{F45E51F3-CB2C-448E-9D9C-6BAD595D7A1B}.Release|Any CPU.ActiveCfg = Release|Any CPU
		{F45E51F3-CB2C-448E-9D9C-6BAD595D7A1B}.Release|Any CPU.Build.0 = Release|Any CPU
		{7D722C4B-31FA-470B-A7F6-0A95005F8303}.Debug|Any CPU.ActiveCfg = Debug|Any CPU
		{7D722C4B-31FA-470B-A7F6-0A95005F8303}.Debug|Any CPU.Build.0 = Debug|Any CPU
		{7D722C4B-31FA-470B-A7F6-0A95005F8303}.Release|Any CPU.ActiveCfg = Release|Any CPU
		{7D722C4B-31FA-470B-A7F6-0A95005F8303}.Release|Any CPU.Build.0 = Release|Any CPU
	EndGlobalSection
	GlobalSection(SolutionProperties) = preSolution
		HideSolutionNode = FALSE
	EndGlobalSection
	GlobalSection(ExtensibilityGlobals) = postSolution
		SolutionGuid = {DB170EF8-3AC3-4F7E-A6D1-CA3C12E26A16}
	EndGlobalSection
EndGlobal
